
Microsoft Visual Studio Solution File, Format Version 12.00
# Visual Studio Version 17
VisualStudioVersion = 17.13.35818.85
MinimumVisualStudioVersion = 10.0.40219.1
Project("{8BC9CEB8-8B4A-11D0-8D11-00A0C91BC942}") = "Beginning the STACK data structure", "Beginning the STACK data structure\Beginning the STACK data structure.vcxproj", "{646774AA-A194-4BEC-84CC-7F5049E05BBC}"
EndProject
Project("{8BC9CEB8-8B4A-11D0-8D11-00A0C91BC942}") = "Some applications of a stack data structure", "Some applications of a stack data structure\Some applications of a stack data structure.vcxproj", "{BD201CC6-C004-42C9-A702-D864DD0C7229}"
EndProject
Global
	GlobalSection(SolutionConfigurationPlatforms) = preSolution
		Debug|x64 = Debug|x64
		Debug|x86 = Debug|x86
		Release|x64 = Release|x64
		Release|x86 = Release|x86
	EndGlobalSection
	GlobalSection(ProjectConfigurationPlatforms) = postSolution
		{646774AA-A194-4BEC-84CC-7F5049E05BBC}.Debug|x64.ActiveCfg = Debug|x64
		{646774AA-A194-4BEC-84CC-7F5049E05BBC}.Debug|x64.Build.0 = Debug|x64
		{646774AA-A194-4BEC-84CC-7F5049E05BBC}.Debug|x86.ActiveCfg = Debug|Win32
		{646774AA-A194-4BEC-84CC-7F5049E05BBC}.Debug|x86.Build.0 = Debug|Win32
		{646774AA-A194-4BEC-84CC-7F5049E05BBC}.Release|x64.ActiveCfg = Release|x64
		{646774AA-A194-4BEC-84CC-7F5049E05BBC}.Release|x64.Build.0 = Release|x64
		{646774AA-A194-4BEC-84CC-7F5049E05BBC}.Release|x86.ActiveCfg = Release|Win32
		{646774AA-A194-4BEC-84CC-7F5049E05BBC}.Release|x86.Build.0 = Release|Win32
		{BD201CC6-C004-42C9-A702-D864DD0C7229}.Debug|x64.ActiveCfg = Debug|x64
		{BD201CC6-C004-42C9-A702-D864DD0C7229}.Debug|x64.Build.0 = Debug|x64
		{BD201CC6-C004-42C9-A702-D864DD0C7229}.Debug|x86.ActiveCfg = Debug|Win32
		{BD201CC6-C004-42C9-A702-D864DD0C7229}.Debug|x86.Build.0 = Debug|Win32
		{BD201CC6-C004-42C9-A702-D864DD0C7229}.Release|x64.ActiveCfg = Release|x64
		{BD201CC6-C004-42C9-A702-D864DD0C7229}.Release|x64.Build.0 = Release|x64
		{BD201CC6-C004-42C9-A702-D864DD0C7229}.Release|x86.ActiveCfg = Release|Win32
		{BD201CC6-C004-42C9-A702-D864DD0C7229}.Release|x86.Build.0 = Release|Win32
	EndGlobalSection
	GlobalSection(SolutionProperties) = preSolution
		HideSolutionNode = FALSE
	EndGlobalSection
	GlobalSection(ExtensibilityGlobals) = postSolution
		SolutionGuid = {359D5CA4-68DD-4D66-A3F6-2AA9D12D9E90}
	EndGlobalSection
EndGlobal
